// !$*UTF8*$!
{
	archiveVersion = 1;
	classes = {
	};
	objectVersion = 50;
	objects = {

/* Begin PBXBuildFile section */
		3546913622857C3700086CC3 /* AppDelegate.m in Sources */ = {isa = PBXBuildFile; fileRef = 3546913522857C3700086CC3 /* AppDelegate.m */; };
		3546913922857C3700086CC3 /* ViewController.m in Sources */ = {isa = PBXBuildFile; fileRef = 3546913822857C3700086CC3 /* ViewController.m */; };
		3546913B22857C3800086CC3 /* Assets.xcassets in Resources */ = {isa = PBXBuildFile; fileRef = 3546913A22857C3800086CC3 /* Assets.xcassets */; };
		3546913E22857C3800086CC3 /* Main.storyboard in Resources */ = {isa = PBXBuildFile; fileRef = 3546913C22857C3800086CC3 /* Main.storyboard */; };
		3546914122857C3800086CC3 /* main.m in Sources */ = {isa = PBXBuildFile; fileRef = 3546914022857C3800086CC3 /* main.m */; };
		3546914D22857D6D00086CC3 /* MessageProvider.m in Sources */ = {isa = PBXBuildFile; fileRef = 3546914C22857D6D00086CC3 /* MessageProvider.m */; };
		3546915022857D8100086CC3 /* ChatMessageProvider.m in Sources */ = {isa = PBXBuildFile; fileRef = 3546914F22857D8100086CC3 /* ChatMessageProvider.m */; };
		3546915422857E2900086CC3 /* HistoryMessageProvider.m in Sources */ = {isa = PBXBuildFile; fileRef = 3546915322857E2900086CC3 /* HistoryMessageProvider.m */; };
		3546915722857E3700086CC3 /* RemoteMessageProvider.m in Sources */ = {isa = PBXBuildFile; fileRef = 3546915622857E3700086CC3 /* RemoteMessageProvider.m */; };
		3546915A22857F9A00086CC3 /* MessageOption.m in Sources */ = {isa = PBXBuildFile; fileRef = 3546915922857F9A00086CC3 /* MessageOption.m */; };
		354691602285803000086CC3 /* RefreshMessageOption.m in Sources */ = {isa = PBXBuildFile; fileRef = 3546915F2285803000086CC3 /* RefreshMessageOption.m */; };
		354691632285803B00086CC3 /* LoadMessageOption.m in Sources */ = {isa = PBXBuildFile; fileRef = 354691622285803B00086CC3 /* LoadMessageOption.m */; };
/* End PBXBuildFile section */

/* Begin PBXFileReference section */
		3546913122857C3700086CC3 /* 02Bridge桥接模式.app */ = {isa = PBXFileReference; explicitFileType = wrapper.application; includeInIndex = 0; path = "02Bridge桥接模式.app"; sourceTree = BUILT_PRODUCTS_DIR; };
		3546913422857C3700086CC3 /* AppDelegate.h */ = {isa = PBXFileReference; lastKnownFileType = sourcecode.c.h; path = AppDelegate.h; sourceTree = "<group>"; };
		3546913522857C3700086CC3 /* AppDelegate.m */ = {isa = PBXFileReference; lastKnownFileType = sourcecode.c.objc; path = AppDelegate.m; sourceTree = "<group>"; };
		3546913722857C3700086CC3 /* ViewController.h */ = {isa = PBXFileReference; lastKnownFileType = sourcecode.c.h; path = ViewController.h; sourceTree = "<group>"; };
		3546913822857C3700086CC3 /* ViewController.m */ = {isa = PBXFileReference; lastKnownFileType = sourcecode.c.objc; path = ViewController.m; sourceTree = "<group>"; };
		3546913A22857C3800086CC3 /* Assets.xcassets */ = {isa = PBXFileReference; lastKnownFileType = folder.assetcatalog; path = Assets.xcassets; sourceTree = "<group>"; };
		3546913D22857C3800086CC3 /* Base */ = {isa = PBXFileReference; lastKnownFileType = file.storyboard; name = Base; path = Base.lproj/Main.storyboard; sourceTree = "<group>"; };
		3546913F22857C3800086CC3 /* Info.plist */ = {isa = PBXFileReference; lastKnownFileType = text.plist.xml; path = Info.plist; sourceTree = "<group>"; };
		3546914022857C3800086CC3 /* main.m */ = {isa = PBXFileReference; lastKnownFileType = sourcecode.c.objc; path = main.m; sourceTree = "<group>"; };
		3546914222857C3800086CC3 /* _2Bridge____.entitlements */ = {isa = PBXFileReference; lastKnownFileType = text.plist.entitlements; path = "_2Bridge____.entitlements"; sourceTree = "<group>"; };
		3546914A22857D3D00086CC3 /* MessageProvideProtocol.h */ = {isa = PBXFileReference; lastKnownFileType = sourcecode.c.h; path = MessageProvideProtocol.h; sourceTree = "<group>"; };
		3546914B22857D6D00086CC3 /* MessageProvider.h */ = {isa = PBXFileReference; lastKnownFileType = sourcecode.c.h; path = MessageProvider.h; sourceTree = "<group>"; };
		3546914C22857D6D00086CC3 /* MessageProvider.m */ = {isa = PBXFileReference; lastKnownFileType = sourcecode.c.objc; path = MessageProvider.m; sourceTree = "<group>"; };
		3546914E22857D8100086CC3 /* ChatMessageProvider.h */ = {isa = PBXFileReference; lastKnownFileType = sourcecode.c.h; path = ChatMessageProvider.h; sourceTree = "<group>"; };
		3546914F22857D8100086CC3 /* ChatMessageProvider.m */ = {isa = PBXFileReference; lastKnownFileType = sourcecode.c.objc; path = ChatMessageProvider.m; sourceTree = "<group>"; };
		3546915222857E2900086CC3 /* HistoryMessageProvider.h */ = {isa = PBXFileReference; lastKnownFileType = sourcecode.c.h; path = HistoryMessageProvider.h; sourceTree = "<group>"; };
		3546915322857E2900086CC3 /* HistoryMessageProvider.m */ = {isa = PBXFileReference; lastKnownFileType = sourcecode.c.objc; path = HistoryMessageProvider.m; sourceTree = "<group>"; };
		3546915522857E3700086CC3 /* RemoteMessageProvider.h */ = {isa = PBXFileReference; lastKnownFileType = sourcecode.c.h; path = RemoteMessageProvider.h; sourceTree = "<group>"; };
		3546915622857E3700086CC3 /* RemoteMessageProvider.m */ = {isa = PBXFileReference; lastKnownFileType = sourcecode.c.objc; path = RemoteMessageProvider.m; sourceTree = "<group>"; };
		3546915822857F9A00086CC3 /* MessageOption.h */ = {isa = PBXFileReference; lastKnownFileType = sourcecode.c.h; path = MessageOption.h; sourceTree = "<group>"; };
		3546915922857F9A00086CC3 /* MessageOption.m */ = {isa = PBXFileReference; lastKnownFileType = sourcecode.c.objc; path = MessageOption.m; sourceTree = "<group>"; };
		3546915E2285803000086CC3 /* RefreshMessageOption.h */ = {isa = PBXFileReference; lastKnownFileType = sourcecode.c.h; path = RefreshMessageOption.h; sourceTree = "<group>"; };
		3546915F2285803000086CC3 /* RefreshMessageOption.m */ = {isa = PBXFileReference; lastKnownFileType = sourcecode.c.objc; path = RefreshMessageOption.m; sourceTree = "<group>"; };
		354691612285803A00086CC3 /* LoadMessageOption.h */ = {isa = PBXFileReference; lastKnownFileType = sourcecode.c.h; path = LoadMessageOption.h; sourceTree = "<group>"; };
		354691622285803B00086CC3 /* LoadMessageOption.m */ = {isa = PBXFileReference; lastKnownFileType = sourcecode.c.objc; path = LoadMessageOption.m; sourceTree = "<group>"; };
/* End PBXFileReference section */

/* Begin PBXFrameworksBuildPhase section */
		3546912E22857C3700086CC3 /* Frameworks */ = {
			isa = PBXFrameworksBuildPhase;
			buildActionMask = 2147483647;
			files = (
			);
			runOnlyForDeploymentPostprocessing = 0;
		};
/* End PBXFrameworksBuildPhase section */

/* Begin PBXGroup section */
		3546912822857C3700086CC3 = {
			isa = PBXGroup;
			children = (
				3546913322857C3700086CC3 /* 02Bridge桥接模式 */,
				3546913222857C3700086CC3 /* Products */,
			);
			sourceTree = "<group>";
		};
		3546913222857C3700086CC3 /* Products */ = {
			isa = PBXGroup;
			children = (
				3546913122857C3700086CC3 /* 02Bridge桥接模式.app */,
			);
			name = Products;
			sourceTree = "<group>";
		};
		3546913322857C3700086CC3 /* 02Bridge桥接模式 */ = {
			isa = PBXGroup;
			children = (
				3546913422857C3700086CC3 /* AppDelegate.h */,
				3546913522857C3700086CC3 /* AppDelegate.m */,
				3546913722857C3700086CC3 /* ViewController.h */,
				3546913822857C3700086CC3 /* ViewController.m */,
				3546915122857D9000086CC3 /* Provider */,
				3546914822857C3F00086CC3 /* Module */,
				3546913A22857C3800086CC3 /* Assets.xcassets */,
				3546913C22857C3800086CC3 /* Main.storyboard */,
				3546913F22857C3800086CC3 /* Info.plist */,
				3546914022857C3800086CC3 /* main.m */,
				3546914222857C3800086CC3 /* _2Bridge____.entitlements */,
			);
			path = "02Bridge桥接模式";
			sourceTree = "<group>";
		};
		3546914822857C3F00086CC3 /* Module */ = {
			isa = PBXGroup;
			children = (
				3546915822857F9A00086CC3 /* MessageOption.h */,
				3546915922857F9A00086CC3 /* MessageOption.m */,
				3546915E2285803000086CC3 /* RefreshMessageOption.h */,
				3546915F2285803000086CC3 /* RefreshMessageOption.m */,
				354691612285803A00086CC3 /* LoadMessageOption.h */,
				354691622285803B00086CC3 /* LoadMessageOption.m */,
			);
			path = Module;
			sourceTree = "<group>";
		};
		3546915122857D9000086CC3 /* Provider */ = {
			isa = PBXGroup;
			children = (
				3546914A22857D3D00086CC3 /* MessageProvideProtocol.h */,
				3546914B22857D6D00086CC3 /* MessageProvider.h */,
				3546914C22857D6D00086CC3 /* MessageProvider.m */,
				3546914E22857D8100086CC3 /* ChatMessageProvider.h */,
				3546914F22857D8100086CC3 /* ChatMessageProvider.m */,
				3546915222857E2900086CC3 /* HistoryMessageProvider.h */,
				3546915322857E2900086CC3 /* HistoryMessageProvider.m */,
				3546915522857E3700086CC3 /* RemoteMessageProvider.h */,
				3546915622857E3700086CC3 /* RemoteMessageProvider.m */,
			);
			path = Provider;
			sourceTree = "<group>";
		};
/* End PBXGroup section */

/* Begin PBXNativeTarget section */
		3546913022857C3700086CC3 /* 02Bridge桥接模式 */ = {
			isa = PBXNativeTarget;
			buildConfigurationList = 3546914522857C3800086CC3 /* Build configuration list for PBXNativeTarget "02Bridge桥接模式" */;
			buildPhases = (
				3546912D22857C3700086CC3 /* Sources */,
				3546912E22857C3700086CC3 /* Frameworks */,
				3546912F22857C3700086CC3 /* Resources */,
			);
			buildRules = (
			);
			dependencies = (
			);
			name = "02Bridge桥接模式";
			productName = "02Bridge桥接模式";
			productReference = 3546913122857C3700086CC3 /* 02Bridge桥接模式.app */;
			productType = "com.apple.product-type.application";
		};
/* End PBXNativeTarget section */

/* Begin PBXProject section */
		3546912922857C3700086CC3 /* Project object */ = {
			isa = PBXProject;
			attributes = {
				LastUpgradeCheck = 1020;
				ORGANIZATIONNAME = "华惠友";
				TargetAttributes = {
					3546913022857C3700086CC3 = {
						CreatedOnToolsVersion = 10.2.1;
					};
				};
			};
			buildConfigurationList = 3546912C22857C3700086CC3 /* Build configuration list for PBXProject "02Bridge桥接模式" */;
			compatibilityVersion = "Xcode 9.3";
			developmentRegion = en;
			hasScannedForEncodings = 0;
			knownRegions = (
				en,
				Base,
			);
			mainGroup = 3546912822857C3700086CC3;
			productRefGroup = 3546913222857C3700086CC3 /* Products */;
			projectDirPath = "";
			projectRoot = "";
			targets = (
				3546913022857C3700086CC3 /* 02Bridge桥接模式 */,
			);
		};
/* End PBXProject section */

/* Begin PBXResourcesBuildPhase section */
		3546912F22857C3700086CC3 /* Resources */ = {
			isa = PBXResourcesBuildPhase;
			buildActionMask = 2147483647;
			files = (
				3546913B22857C3800086CC3 /* Assets.xcassets in Resources */,
				3546913E22857C3800086CC3 /* Main.storyboard in Resources */,
			);
			runOnlyForDeploymentPostprocessing = 0;
		};
/* End PBXResourcesBuildPhase section */

/* Begin PBXSourcesBuildPhase section */
		3546912D22857C3700086CC3 /* Sources */ = {
			isa = PBXSourcesBuildPhase;
			buildActionMask = 2147483647;
			files = (
				3546915A22857F9A00086CC3 /* MessageOption.m in Sources */,
				3546914D22857D6D00086CC3 /* MessageProvider.m in Sources */,
				354691602285803000086CC3 /* RefreshMessageOption.m in Sources */,
				3546913922857C3700086CC3 /* ViewController.m in Sources */,
				3546915022857D8100086CC3 /* ChatMessageProvider.m in Sources */,
				3546915722857E3700086CC3 /* RemoteMessageProvider.m in Sources */,
				3546914122857C3800086CC3 /* main.m in Sources */,
				3546913622857C3700086CC3 /* AppDelegate.m in Sources */,
				354691632285803B00086CC3 /* LoadMessageOption.m in Sources */,
				3546915422857E2900086CC3 /* HistoryMessageProvider.m in Sources */,
			);
			runOnlyForDeploymentPostprocessing = 0;
		};
/* End PBXSourcesBuildPhase section */

/* Begin PBXVariantGroup section */
		3546913C22857C3800086CC3 /* Main.storyboard */ = {
			isa = PBXVariantGroup;
			children = (
				3546913D22857C3800086CC3 /* Base */,
			);
			name = Main.storyboard;
			sourceTree = "<group>";
		};
/* End PBXVariantGroup section */

/* Begin XCBuildConfiguration section */
		3546914322857C3800086CC3 /* Debug */ = {
			isa = XCBuildConfiguration;
			buildSettings = {
				ALWAYS_SEARCH_USER_PATHS = NO;
				CLANG_ANALYZER_NONNULL = YES;
				CLANG_ANALYZER_NUMBER_OBJECT_CONVERSION = YES_AGGRESSIVE;
				CLANG_CXX_LANGUAGE_STANDARD = "gnu++14";
				CLANG_CXX_LIBRARY = "libc++";
				CLANG_ENABLE_MODULES = YES;
				CLANG_ENABLE_OBJC_ARC = YES;
				CLANG_ENABLE_OBJC_WEAK = YES;
				CLANG_WARN_BLOCK_CAPTURE_AUTORELEASING = YES;
				CLANG_WARN_BOOL_CONVERSION = YES;
				CLANG_WARN_COMMA = YES;
				CLANG_WARN_CONSTANT_CONVERSION = YES;
				CLANG_WARN_DEPRECATED_OBJC_IMPLEMENTATIONS = YES;
				CLANG_WARN_DIRECT_OBJC_ISA_USAGE = YES_ERROR;
				CLANG_WARN_DOCUMENTATION_COMMENTS = YES;
				CLANG_WARN_EMPTY_BODY = YES;
				CLANG_WARN_ENUM_CONVERSION = YES;
				CLANG_WARN_INFINITE_RECURSION = YES;
				CLANG_WARN_INT_CONVERSION = YES;
				CLANG_WARN_NON_LITERAL_NULL_CONVERSION = YES;
				CLANG_WARN_OBJC_IMPLICIT_RETAIN_SELF = YES;
				CLANG_WARN_OBJC_LITERAL_CONVERSION = YES;
				CLANG_WARN_OBJC_ROOT_CLASS = YES_ERROR;
				CLANG_WARN_RANGE_LOOP_ANALYSIS = YES;
				CLANG_WARN_STRICT_PROTOTYPES = YES;
				CLANG_WARN_SUSPICIOUS_MOVE = YES;
				CLANG_WARN_UNGUARDED_AVAILABILITY = YES_AGGRESSIVE;
				CLANG_WARN_UNREACHABLE_CODE = YES;
				CLANG_WARN__DUPLICATE_METHOD_MATCH = YES;
				CODE_SIGN_IDENTITY = "Mac Developer";
				COPY_PHASE_STRIP = NO;
				DEBUG_INFORMATION_FORMAT = dwarf;
				ENABLE_STRICT_OBJC_MSGSEND = YES;
				ENABLE_TESTABILITY = YES;
				GCC_C_LANGUAGE_STANDARD = gnu11;
				GCC_DYNAMIC_NO_PIC = NO;
				GCC_NO_COMMON_BLOCKS = YES;
				GCC_OPTIMIZATION_LEVEL = 0;
				GCC_PREPROCESSOR_DEFINITIONS = (
					"DEBUG=1",
					"$(inherited)",
				);
				GCC_WARN_64_TO_32_BIT_CONVERSION = YES;
				GCC_WARN_ABOUT_RETURN_TYPE = YES_ERROR;
				GCC_WARN_UNDECLARED_SELECTOR = YES;
				GCC_WARN_UNINITIALIZED_AUTOS = YES_AGGRESSIVE;
				GCC_WARN_UNUSED_FUNCTION = YES;
				GCC_WARN_UNUSED_VARIABLE = YES;
				MACOSX_DEPLOYMENT_TARGET = 10.14;
				MTL_ENABLE_DEBUG_INFO = INCLUDE_SOURCE;
				MTL_FAST_MATH = YES;
				ONLY_ACTIVE_ARCH = YES;
				SDKROOT = macosx;
			};
			name = Debug;
		};
		3546914422857C3800086CC3 /* Release */ = {
			isa = XCBuildConfiguration;
			buildSettings = {
				ALWAYS_SEARCH_USER_PATHS = NO;
				CLANG_ANALYZER_NONNULL = YES;
				CLANG_ANALYZER_NUMBER_OBJECT_CONVERSION = YES_AGGRESSIVE;
				CLANG_CXX_LANGUAGE_STANDARD = "gnu++14";
				CLANG_CXX_LIBRARY = "libc++";
				CLANG_ENABLE_MODULES = YES;
				CLANG_ENABLE_OBJC_ARC = YES;
				CLANG_ENABLE_OBJC_WEAK = YES;
				CLANG_WARN_BLOCK_CAPTURE_AUTORELEASING = YES;
				CLANG_WARN_BOOL_CONVERSION = YES;
				CLANG_WARN_COMMA = YES;
				CLANG_WARN_CONSTANT_CONVERSION = YES;
				CLANG_WARN_DEPRECATED_OBJC_IMPLEMENTATIONS = YES;
				CLANG_WARN_DIRECT_OBJC_ISA_USAGE = YES_ERROR;
				CLANG_WARN_DOCUMENTATION_COMMENTS = YES;
				CLANG_WARN_EMPTY_BODY = YES;
				CLANG_WARN_ENUM_CONVERSION = YES;
				CLANG_WARN_INFINITE_RECURSION = YES;
				CLANG_WARN_INT_CONVERSION = YES;
				CLANG_WARN_NON_LITERAL_NULL_CONVERSION = YES;
				CLANG_WARN_OBJC_IMPLICIT_RETAIN_SELF = YES;
				CLANG_WARN_OBJC_LITERAL_CONVERSION = YES;
				CLANG_WARN_OBJC_ROOT_CLASS = YES_ERROR;
				CLANG_WARN_RANGE_LOOP_ANALYSIS = YES;
				CLANG_WARN_STRICT_PROTOTYPES = YES;
				CLANG_WARN_SUSPICIOUS_MOVE = YES;
				CLANG_WARN_UNGUARDED_AVAILABILITY = YES_AGGRESSIVE;
				CLANG_WARN_UNREACHABLE_CODE = YES;
				CLANG_WARN__DUPLICATE_METHOD_MATCH = YES;
				CODE_SIGN_IDENTITY = "Mac Developer";
				COPY_PHASE_STRIP = NO;
				DEBUG_INFORMATION_FORMAT = "dwarf-with-dsym";
				ENABLE_NS_ASSERTIONS = NO;
				ENABLE_STRICT_OBJC_MSGSEND = YES;
				GCC_C_LANGUAGE_STANDARD = gnu11;
				GCC_NO_COMMON_BLOCKS = YES;
				GCC_WARN_64_TO_32_BIT_CONVERSION = YES;
				GCC_WARN_ABOUT_RETURN_TYPE = YES_ERROR;
				GCC_WARN_UNDECLARED_SELECTOR = YES;
				GCC_WARN_UNINITIALIZED_AUTOS = YES_AGGRESSIVE;
				GCC_WARN_UNUSED_FUNCTION = YES;
				GCC_WARN_UNUSED_VARIABLE = YES;
				MACOSX_DEPLOYMENT_TARGET = 10.14;
				MTL_ENABLE_DEBUG_INFO = NO;
				MTL_FAST_MATH = YES;
				SDKROOT = macosx;
			};
			name = Release;
		};
		3546914622857C3800086CC3 /* Debug */ = {
			isa = XCBuildConfiguration;
			buildSettings = {
				ASSETCATALOG_COMPILER_APPICON_NAME = AppIcon;
				CODE_SIGN_ENTITLEMENTS = "02Bridge桥接模式/_2Bridge____.entitlements";
				CODE_SIGN_STYLE = Automatic;
				COMBINE_HIDPI_IMAGES = YES;
				DEVELOPMENT_TEAM = NDEAR5GZYG;
				INFOPLIST_FILE = "02Bridge桥接模式/Info.plist";
				LD_RUNPATH_SEARCH_PATHS = (
					"$(inherited)",
					"@executable_path/../Frameworks",
				);
				PRODUCT_BUNDLE_IDENTIFIER = "com.development.-2Bridge----";
				PRODUCT_NAME = "$(TARGET_NAME)";
			};
			name = Debug;
		};
		3546914722857C3800086CC3 /* Release */ = {
			isa = XCBuildConfiguration;
			buildSettings = {
				ASSETCATALOG_COMPILER_APPICON_NAME = AppIcon;
				CODE_SIGN_ENTITLEMENTS = "02Bridge桥接模式/_2Bridge____.entitlements";
				CODE_SIGN_STYLE = Automatic;
				COMBINE_HIDPI_IMAGES = YES;
				DEVELOPMENT_TEAM = NDEAR5GZYG;
				INFOPLIST_FILE = "02Bridge桥接模式/Info.plist";
				LD_RUNPATH_SEARCH_PATHS = (
					"$(inherited)",
					"@executable_path/../Frameworks",
				);
				PRODUCT_BUNDLE_IDENTIFIER = "com.development.-2Bridge----";
				PRODUCT_NAME = "$(TARGET_NAME)";
			};
			name = Release;
		};
/* End XCBuildConfiguration section */

/* Begin XCConfigurationList section */
		3546912C22857C3700086CC3 /* Build configuration list for PBXProject "02Bridge桥接模式" */ = {
			isa = XCConfigurationList;
			buildConfigurations = (
				3546914322857C3800086CC3 /* Debug */,
				3546914422857C3800086CC3 /* Release */,
			);
			defaultConfigurationIsVisible = 0;
			defaultConfigurationName = Release;
		};
		3546914522857C3800086CC3 /* Build configuration list for PBXNativeTarget "02Bridge桥接模式" */ = {
			isa = XCConfigurationList;
			buildConfigurations = (
				3546914622857C3800086CC3 /* Debug */,
				3546914722857C3800086CC3 /* Release */,
			);
			defaultConfigurationIsVisible = 0;
			defaultConfigurationName = Release;
		};
/* End XCConfigurationList section */
	};
	rootObject = 3546912922857C3700086CC3 /* Project object */;
}
