// !$*UTF8*$!
{
	archiveVersion = 1;
	classes = {
	};
	objectVersion = 50;
	objects = {

/* Begin PBXBuildFile section */
		35E00FA722895078005BDA1F /* AppDelegate.m in Sources */ = {isa = PBXBuildFile; fileRef = 35E00FA622895078005BDA1F /* AppDelegate.m */; };
		35E00FAA22895078005BDA1F /* ViewController.m in Sources */ = {isa = PBXBuildFile; fileRef = 35E00FA922895078005BDA1F /* ViewController.m */; };
		35E00FAD22895078005BDA1F /* Main.storyboard in Resources */ = {isa = PBXBuildFile; fileRef = 35E00FAB22895078005BDA1F /* Main.storyboard */; };
		35E00FAF2289507A005BDA1F /* Assets.xcassets in Resources */ = {isa = PBXBuildFile; fileRef = 35E00FAE2289507A005BDA1F /* Assets.xcassets */; };
		35E00FB22289507A005BDA1F /* LaunchScreen.storyboard in Resources */ = {isa = PBXBuildFile; fileRef = 35E00FB02289507A005BDA1F /* LaunchScreen.storyboard */; };
		35E00FB52289507A005BDA1F /* main.m in Sources */ = {isa = PBXBuildFile; fileRef = 35E00FB42289507A005BDA1F /* main.m */; };
		35E00FC1228950C0005BDA1F /* User.m in Sources */ = {isa = PBXBuildFile; fileRef = 35E00FBC228950C0005BDA1F /* User.m */; };
		35E00FC2228950C0005BDA1F /* ChatRoom.m in Sources */ = {isa = PBXBuildFile; fileRef = 35E00FC0228950C0005BDA1F /* ChatRoom.m */; };
/* End PBXBuildFile section */

/* Begin PBXFileReference section */
		35E00FA222895078005BDA1F /* 03Mediator中介者模式.app */ = {isa = PBXFileReference; explicitFileType = wrapper.application; includeInIndex = 0; path = "03Mediator中介者模式.app"; sourceTree = BUILT_PRODUCTS_DIR; };
		35E00FA522895078005BDA1F /* AppDelegate.h */ = {isa = PBXFileReference; lastKnownFileType = sourcecode.c.h; path = AppDelegate.h; sourceTree = "<group>"; };
		35E00FA622895078005BDA1F /* AppDelegate.m */ = {isa = PBXFileReference; lastKnownFileType = sourcecode.c.objc; path = AppDelegate.m; sourceTree = "<group>"; };
		35E00FA822895078005BDA1F /* ViewController.h */ = {isa = PBXFileReference; lastKnownFileType = sourcecode.c.h; path = ViewController.h; sourceTree = "<group>"; };
		35E00FA922895078005BDA1F /* ViewController.m */ = {isa = PBXFileReference; lastKnownFileType = sourcecode.c.objc; path = ViewController.m; sourceTree = "<group>"; };
		35E00FAC22895078005BDA1F /* Base */ = {isa = PBXFileReference; lastKnownFileType = file.storyboard; name = Base; path = Base.lproj/Main.storyboard; sourceTree = "<group>"; };
		35E00FAE2289507A005BDA1F /* Assets.xcassets */ = {isa = PBXFileReference; lastKnownFileType = folder.assetcatalog; path = Assets.xcassets; sourceTree = "<group>"; };
		35E00FB12289507A005BDA1F /* Base */ = {isa = PBXFileReference; lastKnownFileType = file.storyboard; name = Base; path = Base.lproj/LaunchScreen.storyboard; sourceTree = "<group>"; };
		35E00FB32289507A005BDA1F /* Info.plist */ = {isa = PBXFileReference; lastKnownFileType = text.plist.xml; path = Info.plist; sourceTree = "<group>"; };
		35E00FB42289507A005BDA1F /* main.m */ = {isa = PBXFileReference; lastKnownFileType = sourcecode.c.objc; path = main.m; sourceTree = "<group>"; };
		35E00FBC228950C0005BDA1F /* User.m */ = {isa = PBXFileReference; fileEncoding = 4; lastKnownFileType = sourcecode.c.objc; path = User.m; sourceTree = "<group>"; };
		35E00FBD228950C0005BDA1F /* ChatRoom.h */ = {isa = PBXFileReference; fileEncoding = 4; lastKnownFileType = sourcecode.c.h; path = ChatRoom.h; sourceTree = "<group>"; };
		35E00FBE228950C0005BDA1F /* MediatorProtocol.h */ = {isa = PBXFileReference; fileEncoding = 4; lastKnownFileType = sourcecode.c.h; path = MediatorProtocol.h; sourceTree = "<group>"; };
		35E00FBF228950C0005BDA1F /* User.h */ = {isa = PBXFileReference; fileEncoding = 4; lastKnownFileType = sourcecode.c.h; path = User.h; sourceTree = "<group>"; };
		35E00FC0228950C0005BDA1F /* ChatRoom.m */ = {isa = PBXFileReference; fileEncoding = 4; lastKnownFileType = sourcecode.c.objc; path = ChatRoom.m; sourceTree = "<group>"; };
/* End PBXFileReference section */

/* Begin PBXFrameworksBuildPhase section */
		35E00F9F22895078005BDA1F /* Frameworks */ = {
			isa = PBXFrameworksBuildPhase;
			buildActionMask = 2147483647;
			files = (
			);
			runOnlyForDeploymentPostprocessing = 0;
		};
/* End PBXFrameworksBuildPhase section */

/* Begin PBXGroup section */
		35E00F9922895078005BDA1F = {
			isa = PBXGroup;
			children = (
				35E00FA422895078005BDA1F /* 03Mediator中介者模式 */,
				35E00FA322895078005BDA1F /* Products */,
			);
			sourceTree = "<group>";
		};
		35E00FA322895078005BDA1F /* Products */ = {
			isa = PBXGroup;
			children = (
				35E00FA222895078005BDA1F /* 03Mediator中介者模式.app */,
			);
			name = Products;
			sourceTree = "<group>";
		};
		35E00FA422895078005BDA1F /* 03Mediator中介者模式 */ = {
			isa = PBXGroup;
			children = (
				35E00FA522895078005BDA1F /* AppDelegate.h */,
				35E00FA622895078005BDA1F /* AppDelegate.m */,
				35E00FA822895078005BDA1F /* ViewController.h */,
				35E00FA922895078005BDA1F /* ViewController.m */,
				35E00FBB228950C0005BDA1F /* Mediator */,
				35E00FAB22895078005BDA1F /* Main.storyboard */,
				35E00FAE2289507A005BDA1F /* Assets.xcassets */,
				35E00FB02289507A005BDA1F /* LaunchScreen.storyboard */,
				35E00FB32289507A005BDA1F /* Info.plist */,
				35E00FB42289507A005BDA1F /* main.m */,
			);
			path = "03Mediator中介者模式";
			sourceTree = "<group>";
		};
		35E00FBB228950C0005BDA1F /* Mediator */ = {
			isa = PBXGroup;
			children = (
				35E00FBC228950C0005BDA1F /* User.m */,
				35E00FBD228950C0005BDA1F /* ChatRoom.h */,
				35E00FBE228950C0005BDA1F /* MediatorProtocol.h */,
				35E00FBF228950C0005BDA1F /* User.h */,
				35E00FC0228950C0005BDA1F /* ChatRoom.m */,
			);
			path = Mediator;
			sourceTree = "<group>";
		};
/* End PBXGroup section */

/* Begin PBXNativeTarget section */
		35E00FA122895078005BDA1F /* 03Mediator中介者模式 */ = {
			isa = PBXNativeTarget;
			buildConfigurationList = 35E00FB82289507A005BDA1F /* Build configuration list for PBXNativeTarget "03Mediator中介者模式" */;
			buildPhases = (
				35E00F9E22895078005BDA1F /* Sources */,
				35E00F9F22895078005BDA1F /* Frameworks */,
				35E00FA022895078005BDA1F /* Resources */,
			);
			buildRules = (
			);
			dependencies = (
			);
			name = "03Mediator中介者模式";
			productName = "03Mediator中介者模式";
			productReference = 35E00FA222895078005BDA1F /* 03Mediator中介者模式.app */;
			productType = "com.apple.product-type.application";
		};
/* End PBXNativeTarget section */

/* Begin PBXProject section */
		35E00F9A22895078005BDA1F /* Project object */ = {
			isa = PBXProject;
			attributes = {
				LastUpgradeCheck = 1020;
				ORGANIZATIONNAME = "华惠友";
				TargetAttributes = {
					35E00FA122895078005BDA1F = {
						CreatedOnToolsVersion = 10.2.1;
					};
				};
			};
			buildConfigurationList = 35E00F9D22895078005BDA1F /* Build configuration list for PBXProject "03Mediator中介者模式" */;
			compatibilityVersion = "Xcode 9.3";
			developmentRegion = en;
			hasScannedForEncodings = 0;
			knownRegions = (
				en,
				Base,
			);
			mainGroup = 35E00F9922895078005BDA1F;
			productRefGroup = 35E00FA322895078005BDA1F /* Products */;
			projectDirPath = "";
			projectRoot = "";
			targets = (
				35E00FA122895078005BDA1F /* 03Mediator中介者模式 */,
			);
		};
/* End PBXProject section */

/* Begin PBXResourcesBuildPhase section */
		35E00FA022895078005BDA1F /* Resources */ = {
			isa = PBXResourcesBuildPhase;
			buildActionMask = 2147483647;
			files = (
				35E00FB22289507A005BDA1F /* LaunchScreen.storyboard in Resources */,
				35E00FAF2289507A005BDA1F /* Assets.xcassets in Resources */,
				35E00FAD22895078005BDA1F /* Main.storyboard in Resources */,
			);
			runOnlyForDeploymentPostprocessing = 0;
		};
/* End PBXResourcesBuildPhase section */

/* Begin PBXSourcesBuildPhase section */
		35E00F9E22895078005BDA1F /* Sources */ = {
			isa = PBXSourcesBuildPhase;
			buildActionMask = 2147483647;
			files = (
				35E00FC1228950C0005BDA1F /* User.m in Sources */,
				35E00FAA22895078005BDA1F /* ViewController.m in Sources */,
				35E00FB52289507A005BDA1F /* main.m in Sources */,
				35E00FC2228950C0005BDA1F /* ChatRoom.m in Sources */,
				35E00FA722895078005BDA1F /* AppDelegate.m in Sources */,
			);
			runOnlyForDeploymentPostprocessing = 0;
		};
/* End PBXSourcesBuildPhase section */

/* Begin PBXVariantGroup section */
		35E00FAB22895078005BDA1F /* Main.storyboard */ = {
			isa = PBXVariantGroup;
			children = (
				35E00FAC22895078005BDA1F /* Base */,
			);
			name = Main.storyboard;
			sourceTree = "<group>";
		};
		35E00FB02289507A005BDA1F /* LaunchScreen.storyboard */ = {
			isa = PBXVariantGroup;
			children = (
				35E00FB12289507A005BDA1F /* Base */,
			);
			name = LaunchScreen.storyboard;
			sourceTree = "<group>";
		};
/* End PBXVariantGroup section */

/* Begin XCBuildConfiguration section */
		35E00FB62289507A005BDA1F /* Debug */ = {
			isa = XCBuildConfiguration;
			buildSettings = {
				ALWAYS_SEARCH_USER_PATHS = NO;
				CLANG_ANALYZER_NONNULL = YES;
				CLANG_ANALYZER_NUMBER_OBJECT_CONVERSION = YES_AGGRESSIVE;
				CLANG_CXX_LANGUAGE_STANDARD = "gnu++14";
				CLANG_CXX_LIBRARY = "libc++";
				CLANG_ENABLE_MODULES = YES;
				CLANG_ENABLE_OBJC_ARC = YES;
				CLANG_ENABLE_OBJC_WEAK = YES;
				CLANG_WARN_BLOCK_CAPTURE_AUTORELEASING = YES;
				CLANG_WARN_BOOL_CONVERSION = YES;
				CLANG_WARN_COMMA = YES;
				CLANG_WARN_CONSTANT_CONVERSION = YES;
				CLANG_WARN_DEPRECATED_OBJC_IMPLEMENTATIONS = YES;
				CLANG_WARN_DIRECT_OBJC_ISA_USAGE = YES_ERROR;
				CLANG_WARN_DOCUMENTATION_COMMENTS = YES;
				CLANG_WARN_EMPTY_BODY = YES;
				CLANG_WARN_ENUM_CONVERSION = YES;
				CLANG_WARN_INFINITE_RECURSION = YES;
				CLANG_WARN_INT_CONVERSION = YES;
				CLANG_WARN_NON_LITERAL_NULL_CONVERSION = YES;
				CLANG_WARN_OBJC_IMPLICIT_RETAIN_SELF = YES;
				CLANG_WARN_OBJC_LITERAL_CONVERSION = YES;
				CLANG_WARN_OBJC_ROOT_CLASS = YES_ERROR;
				CLANG_WARN_RANGE_LOOP_ANALYSIS = YES;
				CLANG_WARN_STRICT_PROTOTYPES = YES;
				CLANG_WARN_SUSPICIOUS_MOVE = YES;
				CLANG_WARN_UNGUARDED_AVAILABILITY = YES_AGGRESSIVE;
				CLANG_WARN_UNREACHABLE_CODE = YES;
				CLANG_WARN__DUPLICATE_METHOD_MATCH = YES;
				CODE_SIGN_IDENTITY = "iPhone Developer";
				COPY_PHASE_STRIP = NO;
				DEBUG_INFORMATION_FORMAT = dwarf;
				ENABLE_STRICT_OBJC_MSGSEND = YES;
				ENABLE_TESTABILITY = YES;
				GCC_C_LANGUAGE_STANDARD = gnu11;
				GCC_DYNAMIC_NO_PIC = NO;
				GCC_NO_COMMON_BLOCKS = YES;
				GCC_OPTIMIZATION_LEVEL = 0;
				GCC_PREPROCESSOR_DEFINITIONS = (
					"DEBUG=1",
					"$(inherited)",
				);
				GCC_WARN_64_TO_32_BIT_CONVERSION = YES;
				GCC_WARN_ABOUT_RETURN_TYPE = YES_ERROR;
				GCC_WARN_UNDECLARED_SELECTOR = YES;
				GCC_WARN_UNINITIALIZED_AUTOS = YES_AGGRESSIVE;
				GCC_WARN_UNUSED_FUNCTION = YES;
				GCC_WARN_UNUSED_VARIABLE = YES;
				IPHONEOS_DEPLOYMENT_TARGET = 12.2;
				MTL_ENABLE_DEBUG_INFO = INCLUDE_SOURCE;
				MTL_FAST_MATH = YES;
				ONLY_ACTIVE_ARCH = YES;
				SDKROOT = iphoneos;
			};
			name = Debug;
		};
		35E00FB72289507A005BDA1F /* Release */ = {
			isa = XCBuildConfiguration;
			buildSettings = {
				ALWAYS_SEARCH_USER_PATHS = NO;
				CLANG_ANALYZER_NONNULL = YES;
				CLANG_ANALYZER_NUMBER_OBJECT_CONVERSION = YES_AGGRESSIVE;
				CLANG_CXX_LANGUAGE_STANDARD = "gnu++14";
				CLANG_CXX_LIBRARY = "libc++";
				CLANG_ENABLE_MODULES = YES;
				CLANG_ENABLE_OBJC_ARC = YES;
				CLANG_ENABLE_OBJC_WEAK = YES;
				CLANG_WARN_BLOCK_CAPTURE_AUTORELEASING = YES;
				CLANG_WARN_BOOL_CONVERSION = YES;
				CLANG_WARN_COMMA = YES;
				CLANG_WARN_CONSTANT_CONVERSION = YES;
				CLANG_WARN_DEPRECATED_OBJC_IMPLEMENTATIONS = YES;
				CLANG_WARN_DIRECT_OBJC_ISA_USAGE = YES_ERROR;
				CLANG_WARN_DOCUMENTATION_COMMENTS = YES;
				CLANG_WARN_EMPTY_BODY = YES;
				CLANG_WARN_ENUM_CONVERSION = YES;
				CLANG_WARN_INFINITE_RECURSION = YES;
				CLANG_WARN_INT_CONVERSION = YES;
				CLANG_WARN_NON_LITERAL_NULL_CONVERSION = YES;
				CLANG_WARN_OBJC_IMPLICIT_RETAIN_SELF = YES;
				CLANG_WARN_OBJC_LITERAL_CONVERSION = YES;
				CLANG_WARN_OBJC_ROOT_CLASS = YES_ERROR;
				CLANG_WARN_RANGE_LOOP_ANALYSIS = YES;
				CLANG_WARN_STRICT_PROTOTYPES = YES;
				CLANG_WARN_SUSPICIOUS_MOVE = YES;
				CLANG_WARN_UNGUARDED_AVAILABILITY = YES_AGGRESSIVE;
				CLANG_WARN_UNREACHABLE_CODE = YES;
				CLANG_WARN__DUPLICATE_METHOD_MATCH = YES;
				CODE_SIGN_IDENTITY = "iPhone Developer";
				COPY_PHASE_STRIP = NO;
				DEBUG_INFORMATION_FORMAT = "dwarf-with-dsym";
				ENABLE_NS_ASSERTIONS = NO;
				ENABLE_STRICT_OBJC_MSGSEND = YES;
				GCC_C_LANGUAGE_STANDARD = gnu11;
				GCC_NO_COMMON_BLOCKS = YES;
				GCC_WARN_64_TO_32_BIT_CONVERSION = YES;
				GCC_WARN_ABOUT_RETURN_TYPE = YES_ERROR;
				GCC_WARN_UNDECLARED_SELECTOR = YES;
				GCC_WARN_UNINITIALIZED_AUTOS = YES_AGGRESSIVE;
				GCC_WARN_UNUSED_FUNCTION = YES;
				GCC_WARN_UNUSED_VARIABLE = YES;
				IPHONEOS_DEPLOYMENT_TARGET = 12.2;
				MTL_ENABLE_DEBUG_INFO = NO;
				MTL_FAST_MATH = YES;
				SDKROOT = iphoneos;
				VALIDATE_PRODUCT = YES;
			};
			name = Release;
		};
		35E00FB92289507A005BDA1F /* Debug */ = {
			isa = XCBuildConfiguration;
			buildSettings = {
				ASSETCATALOG_COMPILER_APPICON_NAME = AppIcon;
				CODE_SIGN_STYLE = Automatic;
				DEVELOPMENT_TEAM = NDEAR5GZYG;
				INFOPLIST_FILE = "03Mediator中介者模式/Info.plist";
				LD_RUNPATH_SEARCH_PATHS = (
					"$(inherited)",
					"@executable_path/Frameworks",
				);
				PRODUCT_BUNDLE_IDENTIFIER = "com.development.-3Mediator-----";
				PRODUCT_NAME = "$(TARGET_NAME)";
				TARGETED_DEVICE_FAMILY = "1,2";
			};
			name = Debug;
		};
		35E00FBA2289507A005BDA1F /* Release */ = {
			isa = XCBuildConfiguration;
			buildSettings = {
				ASSETCATALOG_COMPILER_APPICON_NAME = AppIcon;
				CODE_SIGN_STYLE = Automatic;
				DEVELOPMENT_TEAM = NDEAR5GZYG;
				INFOPLIST_FILE = "03Mediator中介者模式/Info.plist";
				LD_RUNPATH_SEARCH_PATHS = (
					"$(inherited)",
					"@executable_path/Frameworks",
				);
				PRODUCT_BUNDLE_IDENTIFIER = "com.development.-3Mediator-----";
				PRODUCT_NAME = "$(TARGET_NAME)";
				TARGETED_DEVICE_FAMILY = "1,2";
			};
			name = Release;
		};
/* End XCBuildConfiguration section */

/* Begin XCConfigurationList section */
		35E00F9D22895078005BDA1F /* Build configuration list for PBXProject "03Mediator中介者模式" */ = {
			isa = XCConfigurationList;
			buildConfigurations = (
				35E00FB62289507A005BDA1F /* Debug */,
				35E00FB72289507A005BDA1F /* Release */,
			);
			defaultConfigurationIsVisible = 0;
			defaultConfigurationName = Release;
		};
		35E00FB82289507A005BDA1F /* Build configuration list for PBXNativeTarget "03Mediator中介者模式" */ = {
			isa = XCConfigurationList;
			buildConfigurations = (
				35E00FB92289507A005BDA1F /* Debug */,
				35E00FBA2289507A005BDA1F /* Release */,
			);
			defaultConfigurationIsVisible = 0;
			defaultConfigurationName = Release;
		};
/* End XCConfigurationList section */
	};
	rootObject = 35E00F9A22895078005BDA1F /* Project object */;
}
